// !$*UTF8*$!
{
	archiveVersion = 1;
	classes = {
	};
	objectVersion = 55;
	objects = {

/* Begin PBXBuildFile section */
		CC2D5ADC28C0B7EA00ADDC41 /* Session.swift in Sources */ = {isa = PBXBuildFile; fileRef = CC2D5ADB28C0B7EA00ADDC41 /* Session.swift */; };
		CC84A5AB28A3C6110057989B /* AppDelegate.swift in Sources */ = {isa = PBXBuildFile; fileRef = CC84A5AA28A3C6110057989B /* AppDelegate.swift */; };
		CC84A5AD28A3C6110057989B /* SceneDelegate.swift in Sources */ = {isa = PBXBuildFile; fileRef = CC84A5AC28A3C6110057989B /* SceneDelegate.swift */; };
		CC84A5AF28A3C6110057989B /* LoginFormController.swift in Sources */ = {isa = PBXBuildFile; fileRef = CC84A5AE28A3C6110057989B /* LoginFormController.swift */; };
		CC84A5B228A3C6110057989B /* Main.storyboard in Resources */ = {isa = PBXBuildFile; fileRef = CC84A5B028A3C6110057989B /* Main.storyboard */; };
		CC84A5B428A3C6120057989B /* Assets.xcassets in Resources */ = {isa = PBXBuildFile; fileRef = CC84A5B328A3C6120057989B /* Assets.xcassets */; };
		CC84A5B728A3C6120057989B /* LaunchScreen.storyboard in Resources */ = {isa = PBXBuildFile; fileRef = CC84A5B528A3C6120057989B /* LaunchScreen.storyboard */; };
		CC84A5C228A3C6120057989B /* VKApp_MGTests.swift in Sources */ = {isa = PBXBuildFile; fileRef = CC84A5C128A3C6120057989B /* VKApp_MGTests.swift */; };
		CC84A5CC28A3C6120057989B /* VKApp_MGUITests.swift in Sources */ = {isa = PBXBuildFile; fileRef = CC84A5CB28A3C6120057989B /* VKApp_MGUITests.swift */; };
		CC84A5CE28A3C6120057989B /* VKApp_MGUITestsLaunchTests.swift in Sources */ = {isa = PBXBuildFile; fileRef = CC84A5CD28A3C6120057989B /* VKApp_MGUITestsLaunchTests.swift */; };
/* End PBXBuildFile section */

/* Begin PBXContainerItemProxy section */
		CC84A5BE28A3C6120057989B /* PBXContainerItemProxy */ = {
			isa = PBXContainerItemProxy;
			containerPortal = CC84A59F28A3C6110057989B /* Project object */;
			proxyType = 1;
			remoteGlobalIDString = CC84A5A628A3C6110057989B;
			remoteInfo = VKApp_MG;
		};
		CC84A5C828A3C6120057989B /* PBXContainerItemProxy */ = {
			isa = PBXContainerItemProxy;
			containerPortal = CC84A59F28A3C6110057989B /* Project object */;
			proxyType = 1;
			remoteGlobalIDString = CC84A5A628A3C6110057989B;
			remoteInfo = VKApp_MG;
		};
/* End PBXContainerItemProxy section */

/* Begin PBXFileReference section */
		CC2D5ADB28C0B7EA00ADDC41 /* Session.swift */ = {isa = PBXFileReference; lastKnownFileType = sourcecode.swift; path = Session.swift; sourceTree = "<group>"; };
		CC84A5A728A3C6110057989B /* VKApp_MG.app */ = {isa = PBXFileReference; explicitFileType = wrapper.application; includeInIndex = 0; path = VKApp_MG.app; sourceTree = BUILT_PRODUCTS_DIR; };
		CC84A5AA28A3C6110057989B /* AppDelegate.swift */ = {isa = PBXFileReference; lastKnownFileType = sourcecode.swift; path = AppDelegate.swift; sourceTree = "<group>"; };
		CC84A5AC28A3C6110057989B /* SceneDelegate.swift */ = {isa = PBXFileReference; lastKnownFileType = sourcecode.swift; path = SceneDelegate.swift; sourceTree = "<group>"; };
		CC84A5AE28A3C6110057989B /* LoginFormController.swift */ = {isa = PBXFileReference; lastKnownFileType = sourcecode.swift; path = LoginFormController.swift; sourceTree = "<group>"; };
		CC84A5B128A3C6110057989B /* Base */ = {isa = PBXFileReference; lastKnownFileType = file.storyboard; name = Base; path = Base.lproj/Main.storyboard; sourceTree = "<group>"; };
		CC84A5B328A3C6120057989B /* Assets.xcassets */ = {isa = PBXFileReference; lastKnownFileType = folder.assetcatalog; path = Assets.xcassets; sourceTree = "<group>"; };
		CC84A5B628A3C6120057989B /* Base */ = {isa = PBXFileReference; lastKnownFileType = file.storyboard; name = Base; path = Base.lproj/LaunchScreen.storyboard; sourceTree = "<group>"; };
		CC84A5B828A3C6120057989B /* Info.plist */ = {isa = PBXFileReference; lastKnownFileType = text.plist.xml; path = Info.plist; sourceTree = "<group>"; };
		CC84A5BD28A3C6120057989B /* VKApp_MGTests.xctest */ = {isa = PBXFileReference; explicitFileType = wrapper.cfbundle; includeInIndex = 0; path = VKApp_MGTests.xctest; sourceTree = BUILT_PRODUCTS_DIR; };
		CC84A5C128A3C6120057989B /* VKApp_MGTests.swift */ = {isa = PBXFileReference; lastKnownFileType = sourcecode.swift; path = VKApp_MGTests.swift; sourceTree = "<group>"; };
		CC84A5C728A3C6120057989B /* VKApp_MGUITests.xctest */ = {isa = PBXFileReference; explicitFileType = wrapper.cfbundle; includeInIndex = 0; path = VKApp_MGUITests.xctest; sourceTree = BUILT_PRODUCTS_DIR; };
		CC84A5CB28A3C6120057989B /* VKApp_MGUITests.swift */ = {isa = PBXFileReference; lastKnownFileType = sourcecode.swift; path = VKApp_MGUITests.swift; sourceTree = "<group>"; };
		CC84A5CD28A3C6120057989B /* VKApp_MGUITestsLaunchTests.swift */ = {isa = PBXFileReference; lastKnownFileType = sourcecode.swift; path = VKApp_MGUITestsLaunchTests.swift; sourceTree = "<group>"; };
/* End PBXFileReference section */

/* Begin PBXFrameworksBuildPhase section */
		CC84A5A428A3C6110057989B /* Frameworks */ = {
			isa = PBXFrameworksBuildPhase;
			buildActionMask = 2147483647;
			files = (
			);
			runOnlyForDeploymentPostprocessing = 0;
		};
		CC84A5BA28A3C6120057989B /* Frameworks */ = {
			isa = PBXFrameworksBuildPhase;
			buildActionMask = 2147483647;
			files = (
			);
			runOnlyForDeploymentPostprocessing = 0;
		};
		CC84A5C428A3C6120057989B /* Frameworks */ = {
			isa = PBXFrameworksBuildPhase;
			buildActionMask = 2147483647;
			files = (
			);
			runOnlyForDeploymentPostprocessing = 0;
		};
/* End PBXFrameworksBuildPhase section */

/* Begin PBXGroup section */
		CC2D5ADA28C0B7D400ADDC41 /* Singleton */ = {
			isa = PBXGroup;
			children = (
				CC2D5ADB28C0B7EA00ADDC41 /* Session.swift */,
			);
			path = Singleton;
			sourceTree = "<group>";
		};
		CC84A59E28A3C6110057989B = {
			isa = PBXGroup;
			children = (
				CC84A5A928A3C6110057989B /* VKApp_MG */,
				CC84A5C028A3C6120057989B /* VKApp_MGTests */,
				CC84A5CA28A3C6120057989B /* VKApp_MGUITests */,
				CC84A5A828A3C6110057989B /* Products */,
			);
			sourceTree = "<group>";
		};
		CC84A5A828A3C6110057989B /* Products */ = {
			isa = PBXGroup;
			children = (
				CC84A5A728A3C6110057989B /* VKApp_MG.app */,
				CC84A5BD28A3C6120057989B /* VKApp_MGTests.xctest */,
				CC84A5C728A3C6120057989B /* VKApp_MGUITests.xctest */,
			);
			name = Products;
			sourceTree = "<group>";
		};
		CC84A5A928A3C6110057989B /* VKApp_MG */ = {
			isa = PBXGroup;
			children = (
				CC2D5ADA28C0B7D400ADDC41 /* Singleton */,
				CC84A5AA28A3C6110057989B /* AppDelegate.swift */,
				CC84A5AC28A3C6110057989B /* SceneDelegate.swift */,
				CC84A5AE28A3C6110057989B /* LoginFormController.swift */,
				CC84A5B028A3C6110057989B /* Main.storyboard */,
				CC84A5B328A3C6120057989B /* Assets.xcassets */,
				CC84A5B528A3C6120057989B /* LaunchScreen.storyboard */,
				CC84A5B828A3C6120057989B /* Info.plist */,
			);
			path = VKApp_MG;
			sourceTree = "<group>";
		};
		CC84A5C028A3C6120057989B /* VKApp_MGTests */ = {
			isa = PBXGroup;
			children = (
				CC84A5C128A3C6120057989B /* VKApp_MGTests.swift */,
			);
			path = VKApp_MGTests;
			sourceTree = "<group>";
		};
		CC84A5CA28A3C6120057989B /* VKApp_MGUITests */ = {
			isa = PBXGroup;
			children = (
				CC84A5CB28A3C6120057989B /* VKApp_MGUITests.swift */,
				CC84A5CD28A3C6120057989B /* VKApp_MGUITestsLaunchTests.swift */,
			);
			path = VKApp_MGUITests;
			sourceTree = "<group>";
		};
/* End PBXGroup section */

/* Begin PBXNativeTarget section */
		CC84A5A628A3C6110057989B /* VKApp_MG */ = {
			isa = PBXNativeTarget;
			buildConfigurationList = CC84A5D128A3C6120057989B /* Build configuration list for PBXNativeTarget "VKApp_MG" */;
			buildPhases = (
				CC84A5A328A3C6110057989B /* Sources */,
				CC84A5A428A3C6110057989B /* Frameworks */,
				CC84A5A528A3C6110057989B /* Resources */,
			);
			buildRules = (
			);
			dependencies = (
			);
			name = VKApp_MG;
			productName = VKApp_MG;
			productReference = CC84A5A728A3C6110057989B /* VKApp_MG.app */;
			productType = "com.apple.product-type.application";
		};
		CC84A5BC28A3C6120057989B /* VKApp_MGTests */ = {
			isa = PBXNativeTarget;
			buildConfigurationList = CC84A5D428A3C6120057989B /* Build configuration list for PBXNativeTarget "VKApp_MGTests" */;
			buildPhases = (
				CC84A5B928A3C6120057989B /* Sources */,
				CC84A5BA28A3C6120057989B /* Frameworks */,
				CC84A5BB28A3C6120057989B /* Resources */,
			);
			buildRules = (
			);
			dependencies = (
				CC84A5BF28A3C6120057989B /* PBXTargetDependency */,
			);
			name = VKApp_MGTests;
			productName = VKApp_MGTests;
			productReference = CC84A5BD28A3C6120057989B /* VKApp_MGTests.xctest */;
			productType = "com.apple.product-type.bundle.unit-test";
		};
		CC84A5C628A3C6120057989B /* VKApp_MGUITests */ = {
			isa = PBXNativeTarget;
			buildConfigurationList = CC84A5D728A3C6120057989B /* Build configuration list for PBXNativeTarget "VKApp_MGUITests" */;
			buildPhases = (
				CC84A5C328A3C6120057989B /* Sources */,
				CC84A5C428A3C6120057989B /* Frameworks */,
				CC84A5C528A3C6120057989B /* Resources */,
			);
			buildRules = (
			);
			dependencies = (
				CC84A5C928A3C6120057989B /* PBXTargetDependency */,
			);
			name = VKApp_MGUITests;
			productName = VKApp_MGUITests;
			productReference = CC84A5C728A3C6120057989B /* VKApp_MGUITests.xctest */;
			productType = "com.apple.product-type.bundle.ui-testing";
		};
/* End PBXNativeTarget section */

/* Begin PBXProject section */
		CC84A59F28A3C6110057989B /* Project object */ = {
			isa = PBXProject;
			attributes = {
				BuildIndependentTargetsInParallel = 1;
				LastSwiftUpdateCheck = 1340;
				LastUpgradeCheck = 1340;
				TargetAttributes = {
					CC84A5A628A3C6110057989B = {
						CreatedOnToolsVersion = 13.4.1;
					};
					CC84A5BC28A3C6120057989B = {
						CreatedOnToolsVersion = 13.4.1;
						TestTargetID = CC84A5A628A3C6110057989B;
					};
					CC84A5C628A3C6120057989B = {
						CreatedOnToolsVersion = 13.4.1;
						TestTargetID = CC84A5A628A3C6110057989B;
					};
				};
			};
			buildConfigurationList = CC84A5A228A3C6110057989B /* Build configuration list for PBXProject "VKApp_MG" */;
			compatibilityVersion = "Xcode 13.0";
			developmentRegion = en;
			hasScannedForEncodings = 0;
			knownRegions = (
				en,
				Base,
			);
			mainGroup = CC84A59E28A3C6110057989B;
			productRefGroup = CC84A5A828A3C6110057989B /* Products */;
			projectDirPath = "";
			projectRoot = "";
			targets = (
				CC84A5A628A3C6110057989B /* VKApp_MG */,
				CC84A5BC28A3C6120057989B /* VKApp_MGTests */,
				CC84A5C628A3C6120057989B /* VKApp_MGUITests */,
			);
		};
/* End PBXProject section */

/* Begin PBXResourcesBuildPhase section */
		CC84A5A528A3C6110057989B /* Resources */ = {
			isa = PBXResourcesBuildPhase;
			buildActionMask = 2147483647;
			files = (
				CC84A5B728A3C6120057989B /* LaunchScreen.storyboard in Resources */,
				CC84A5B428A3C6120057989B /* Assets.xcassets in Resources */,
				CC84A5B228A3C6110057989B /* Main.storyboard in Resources */,
			);
			runOnlyForDeploymentPostprocessing = 0;
		};
		CC84A5BB28A3C6120057989B /* Resources */ = {
			isa = PBXResourcesBuildPhase;
			buildActionMask = 2147483647;
			files = (
			);
			runOnlyForDeploymentPostprocessing = 0;
		};
		CC84A5C528A3C6120057989B /* Resources */ = {
			isa = PBXResourcesBuildPhase;
			buildActionMask = 2147483647;
			files = (
			);
			runOnlyForDeploymentPostprocessing = 0;
		};
/* End PBXResourcesBuildPhase section */

/* Begin PBXSourcesBuildPhase section */
		CC84A5A328A3C6110057989B /* Sources */ = {
			isa = PBXSourcesBuildPhase;
			buildActionMask = 2147483647;
			files = (
				CC2D5ADC28C0B7EA00ADDC41 /* Session.swift in Sources */,
				CC84A5AF28A3C6110057989B /* LoginFormController.swift in Sources */,
				CC84A5AB28A3C6110057989B /* AppDelegate.swift in Sources */,
				CC84A5AD28A3C6110057989B /* SceneDelegate.swift in Sources */,
			);
			runOnlyForDeploymentPostprocessing = 0;
		};
		CC84A5B928A3C6120057989B /* Sources */ = {
			isa = PBXSourcesBuildPhase;
			buildActionMask = 2147483647;
			files = (
				CC84A5C228A3C6120057989B /* VKApp_MGTests.swift in Sources */,
			);
			runOnlyForDeploymentPostprocessing = 0;
		};
		CC84A5C328A3C6120057989B /* Sources */ = {
			isa = PBXSourcesBuildPhase;
			buildActionMask = 2147483647;
			files = (
				CC84A5CE28A3C6120057989B /* VKApp_MGUITestsLaunchTests.swift in Sources */,
				CC84A5CC28A3C6120057989B /* VKApp_MGUITests.swift in Sources */,
			);
			runOnlyForDeploymentPostprocessing = 0;
		};
/* End PBXSourcesBuildPhase section */

/* Begin PBXTargetDependency section */
		CC84A5BF28A3C6120057989B /* PBXTargetDependency */ = {
			isa = PBXTargetDependency;
			target = CC84A5A628A3C6110057989B /* VKApp_MG */;
			targetProxy = CC84A5BE28A3C6120057989B /* PBXContainerItemProxy */;
		};
		CC84A5C928A3C6120057989B /* PBXTargetDependency */ = {
			isa = PBXTargetDependency;
			target = CC84A5A628A3C6110057989B /* VKApp_MG */;
			targetProxy = CC84A5C828A3C6120057989B /* PBXContainerItemProxy */;
		};
/* End PBXTargetDependency section */

/* Begin PBXVariantGroup section */
		CC84A5B028A3C6110057989B /* Main.storyboard */ = {
			isa = PBXVariantGroup;
			children = (
				CC84A5B128A3C6110057989B /* Base */,
			);
			name = Main.storyboard;
			sourceTree = "<group>";
		};
		CC84A5B528A3C6120057989B /* LaunchScreen.storyboard */ = {
			isa = PBXVariantGroup;
			children = (
				CC84A5B628A3C6120057989B /* Base */,
			);
			name = LaunchScreen.storyboard;
			sourceTree = "<group>";
		};
/* End PBXVariantGroup section */

/* Begin XCBuildConfiguration section */
		CC84A5CF28A3C6120057989B /* Debug */ = {
			isa = XCBuildConfiguration;
			buildSettings = {
				ALWAYS_SEARCH_USER_PATHS = NO;
				CLANG_ANALYZER_NONNULL = YES;
				CLANG_ANALYZER_NUMBER_OBJECT_CONVERSION = YES_AGGRESSIVE;
				CLANG_CXX_LANGUAGE_STANDARD = "gnu++17";
				CLANG_ENABLE_MODULES = YES;
				CLANG_ENABLE_OBJC_ARC = YES;
				CLANG_ENABLE_OBJC_WEAK = YES;
				CLANG_WARN_BLOCK_CAPTURE_AUTORELEASING = YES;
				CLANG_WARN_BOOL_CONVERSION = YES;
				CLANG_WARN_COMMA = YES;
				CLANG_WARN_CONSTANT_CONVERSION = YES;
				CLANG_WARN_DEPRECATED_OBJC_IMPLEMENTATIONS = YES;
				CLANG_WARN_DIRECT_OBJC_ISA_USAGE = YES_ERROR;
				CLANG_WARN_DOCUMENTATION_COMMENTS = YES;
				CLANG_WARN_EMPTY_BODY = YES;
				CLANG_WARN_ENUM_CONVERSION = YES;
				CLANG_WARN_INFINITE_RECURSION = YES;
				CLANG_WARN_INT_CONVERSION = YES;
				CLANG_WARN_NON_LITERAL_NULL_CONVERSION = YES;
				CLANG_WARN_OBJC_IMPLICIT_RETAIN_SELF = YES;
				CLANG_WARN_OBJC_LITERAL_CONVERSION = YES;
				CLANG_WARN_OBJC_ROOT_CLASS = YES_ERROR;
				CLANG_WARN_QUOTED_INCLUDE_IN_FRAMEWORK_HEADER = YES;
				CLANG_WARN_RANGE_LOOP_ANALYSIS = YES;
				CLANG_WARN_STRICT_PROTOTYPES = YES;
				CLANG_WARN_SUSPICIOUS_MOVE = YES;
				CLANG_WARN_UNGUARDED_AVAILABILITY = YES_AGGRESSIVE;
				CLANG_WARN_UNREACHABLE_CODE = YES;
				CLANG_WARN__DUPLICATE_METHOD_MATCH = YES;
				COPY_PHASE_STRIP = NO;
				DEBUG_INFORMATION_FORMAT = dwarf;
				ENABLE_STRICT_OBJC_MSGSEND = YES;
				ENABLE_TESTABILITY = YES;
				GCC_C_LANGUAGE_STANDARD = gnu11;
				GCC_DYNAMIC_NO_PIC = NO;
				GCC_NO_COMMON_BLOCKS = YES;
				GCC_OPTIMIZATION_LEVEL = 0;
				GCC_PREPROCESSOR_DEFINITIONS = (
					"DEBUG=1",
					"$(inherited)",
				);
				GCC_WARN_64_TO_32_BIT_CONVERSION = YES;
				GCC_WARN_ABOUT_RETURN_TYPE = YES_ERROR;
				GCC_WARN_UNDECLARED_SELECTOR = YES;
				GCC_WARN_UNINITIALIZED_AUTOS = YES_AGGRESSIVE;
				GCC_WARN_UNUSED_FUNCTION = YES;
				GCC_WARN_UNUSED_VARIABLE = YES;
				IPHONEOS_DEPLOYMENT_TARGET = 15.5;
				MTL_ENABLE_DEBUG_INFO = INCLUDE_SOURCE;
				MTL_FAST_MATH = YES;
				ONLY_ACTIVE_ARCH = YES;
				SDKROOT = iphoneos;
				SWIFT_ACTIVE_COMPILATION_CONDITIONS = DEBUG;
				SWIFT_OPTIMIZATION_LEVEL = "-Onone";
			};
			name = Debug;
		};
		CC84A5D028A3C6120057989B /* Release */ = {
			isa = XCBuildConfiguration;
			buildSettings = {
				ALWAYS_SEARCH_USER_PATHS = NO;
				CLANG_ANALYZER_NONNULL = YES;
				CLANG_ANALYZER_NUMBER_OBJECT_CONVERSION = YES_AGGRESSIVE;
				CLANG_CXX_LANGUAGE_STANDARD = "gnu++17";
				CLANG_ENABLE_MODULES = YES;
				CLANG_ENABLE_OBJC_ARC = YES;
				CLANG_ENABLE_OBJC_WEAK = YES;
				CLANG_WARN_BLOCK_CAPTURE_AUTORELEASING = YES;
				CLANG_WARN_BOOL_CONVERSION = YES;
				CLANG_WARN_COMMA = YES;
				CLANG_WARN_CONSTANT_CONVERSION = YES;
				CLANG_WARN_DEPRECATED_OBJC_IMPLEMENTATIONS = YES;
				CLANG_WARN_DIRECT_OBJC_ISA_USAGE = YES_ERROR;
				CLANG_WARN_DOCUMENTATION_COMMENTS = YES;
				CLANG_WARN_EMPTY_BODY = YES;
				CLANG_WARN_ENUM_CONVERSION = YES;
				CLANG_WARN_INFINITE_RECURSION = YES;
				CLANG_WARN_INT_CONVERSION = YES;
				CLANG_WARN_NON_LITERAL_NULL_CONVERSION = YES;
				CLANG_WARN_OBJC_IMPLICIT_RETAIN_SELF = YES;
				CLANG_WARN_OBJC_LITERAL_CONVERSION = YES;
				CLANG_WARN_OBJC_ROOT_CLASS = YES_ERROR;
				CLANG_WARN_QUOTED_INCLUDE_IN_FRAMEWORK_HEADER = YES;
				CLANG_WARN_RANGE_LOOP_ANALYSIS = YES;
				CLANG_WARN_STRICT_PROTOTYPES = YES;
				CLANG_WARN_SUSPICIOUS_MOVE = YES;
				CLANG_WARN_UNGUARDED_AVAILABILITY = YES_AGGRESSIVE;
				CLANG_WARN_UNREACHABLE_CODE = YES;
				CLANG_WARN__DUPLICATE_METHOD_MATCH = YES;
				COPY_PHASE_STRIP = NO;
				DEBUG_INFORMATION_FORMAT = "dwarf-with-dsym";
				ENABLE_NS_ASSERTIONS = NO;
				ENABLE_STRICT_OBJC_MSGSEND = YES;
				GCC_C_LANGUAGE_STANDARD = gnu11;
				GCC_NO_COMMON_BLOCKS = YES;
				GCC_WARN_64_TO_32_BIT_CONVERSION = YES;
				GCC_WARN_ABOUT_RETURN_TYPE = YES_ERROR;
				GCC_WARN_UNDECLARED_SELECTOR = YES;
				GCC_WARN_UNINITIALIZED_AUTOS = YES_AGGRESSIVE;
				GCC_WARN_UNUSED_FUNCTION = YES;
				GCC_WARN_UNUSED_VARIABLE = YES;
				IPHONEOS_DEPLOYMENT_TARGET = 15.5;
				MTL_ENABLE_DEBUG_INFO = NO;
				MTL_FAST_MATH = YES;
				SDKROOT = iphoneos;
				SWIFT_COMPILATION_MODE = wholemodule;
				SWIFT_OPTIMIZATION_LEVEL = "-O";
				VALIDATE_PRODUCT = YES;
			};
			name = Release;
		};
		CC84A5D228A3C6120057989B /* Debug */ = {
			isa = XCBuildConfiguration;
			buildSettings = {
				ASSETCATALOG_COMPILER_APPICON_NAME = AppIcon;
				ASSETCATALOG_COMPILER_GLOBAL_ACCENT_COLOR_NAME = AccentColor;
				CODE_SIGN_STYLE = Automatic;
				CURRENT_PROJECT_VERSION = 1;
				DEVELOPMENT_TEAM = 89R2TJK449;
				GENERATE_INFOPLIST_FILE = YES;
				INFOPLIST_FILE = VKApp_MG/Info.plist;
				INFOPLIST_KEY_UIApplicationSupportsIndirectInputEvents = YES;
				INFOPLIST_KEY_UILaunchStoryboardName = LaunchScreen;
				INFOPLIST_KEY_UIMainStoryboardFile = Main;
				INFOPLIST_KEY_UISupportedInterfaceOrientations = "UIInterfaceOrientationPortrait UIInterfaceOrientationLandscapeLeft UIInterfaceOrientationLandscapeRight";
				INFOPLIST_KEY_UISupportedInterfaceOrientations_iPad = "UIInterfaceOrientationPortrait UIInterfaceOrientationPortraitUpsideDown UIInterfaceOrientationLandscapeLeft UIInterfaceOrientationLandscapeRight";
				INFOPLIST_KEY_UISupportedInterfaceOrientations_iPhone = "UIInterfaceOrientationPortrait UIInterfaceOrientationLandscapeLeft UIInterfaceOrientationLandscapeRight";
				LD_RUNPATH_SEARCH_PATHS = (
					"$(inherited)",
					"@executable_path/Frameworks",
				);
				MARKETING_VERSION = 1.0;
				PRODUCT_BUNDLE_IDENTIFIER = "XApps.VKApp-MG";
				PRODUCT_NAME = "$(TARGET_NAME)";
				SWIFT_EMIT_LOC_STRINGS = YES;
				SWIFT_VERSION = 5.0;
				TARGETED_DEVICE_FAMILY = "1,2";
			};
			name = Debug;
		};
		CC84A5D328A3C6120057989B /* Release */ = {
			isa = XCBuildConfiguration;
			buildSettings = {
				ASSETCATALOG_COMPILER_APPICON_NAME = AppIcon;
				ASSETCATALOG_COMPILER_GLOBAL_ACCENT_COLOR_NAME = AccentColor;
				CODE_SIGN_STYLE = Automatic;
				CURRENT_PROJECT_VERSION = 1;
				DEVELOPMENT_TEAM = 89R2TJK449;
				GENERATE_INFOPLIST_FILE = YES;
				INFOPLIST_FILE = VKApp_MG/Info.plist;
				INFOPLIST_KEY_UIApplicationSupportsIndirectInputEvents = YES;
				INFOPLIST_KEY_UILaunchStoryboardName = LaunchScreen;
				INFOPLIST_KEY_UIMainStoryboardFile = Main;
				INFOPLIST_KEY_UISupportedInterfaceOrientations = "UIInterfaceOrientationPortrait UIInterfaceOrientationLandscapeLeft UIInterfaceOrientationLandscapeRight";
				INFOPLIST_KEY_UISupportedInterfaceOrientations_iPad = "UIInterfaceOrientationPortrait UIInterfaceOrientationPortraitUpsideDown UIInterfaceOrientationLandscapeLeft UIInterfaceOrientationLandscapeRight";
				INFOPLIST_KEY_UISupportedInterfaceOrientations_iPhone = "UIInterfaceOrientationPortrait UIInterfaceOrientationLandscapeLeft UIInterfaceOrientationLandscapeRight";
				LD_RUNPATH_SEARCH_PATHS = (
					"$(inherited)",
					"@executable_path/Frameworks",
				);
				MARKETING_VERSION = 1.0;
				PRODUCT_BUNDLE_IDENTIFIER = "XApps.VKApp-MG";
				PRODUCT_NAME = "$(TARGET_NAME)";
				SWIFT_EMIT_LOC_STRINGS = YES;
				SWIFT_VERSION = 5.0;
				TARGETED_DEVICE_FAMILY = "1,2";
			};
			name = Release;
		};
		CC84A5D528A3C6120057989B /* Debug */ = {
			isa = XCBuildConfiguration;
			buildSettings = {
				ALWAYS_EMBED_SWIFT_STANDARD_LIBRARIES = YES;
				BUNDLE_LOADER = "$(TEST_HOST)";
				CODE_SIGN_STYLE = Automatic;
				CURRENT_PROJECT_VERSION = 1;
				DEVELOPMENT_TEAM = 89R2TJK449;
				GENERATE_INFOPLIST_FILE = YES;
				IPHONEOS_DEPLOYMENT_TARGET = 15.5;
				MARKETING_VERSION = 1.0;
				PRODUCT_BUNDLE_IDENTIFIER = "XApps.VKApp-MGTests";
				PRODUCT_NAME = "$(TARGET_NAME)";
				SWIFT_EMIT_LOC_STRINGS = NO;
				SWIFT_VERSION = 5.0;
				TARGETED_DEVICE_FAMILY = "1,2";
				TEST_HOST = "$(BUILT_PRODUCTS_DIR)/VKApp_MG.app/VKApp_MG";
			};
			name = Debug;
		};
		CC84A5D628A3C6120057989B /* Release */ = {
			isa = XCBuildConfiguration;
			buildSettings = {
				ALWAYS_EMBED_SWIFT_STANDARD_LIBRARIES = YES;
				BUNDLE_LOADER = "$(TEST_HOST)";
				CODE_SIGN_STYLE = Automatic;
				CURRENT_PROJECT_VERSION = 1;
				DEVELOPMENT_TEAM = 89R2TJK449;
				GENERATE_INFOPLIST_FILE = YES;
				IPHONEOS_DEPLOYMENT_TARGET = 15.5;
				MARKETING_VERSION = 1.0;
				PRODUCT_BUNDLE_IDENTIFIER = "XApps.VKApp-MGTests";
				PRODUCT_NAME = "$(TARGET_NAME)";
				SWIFT_EMIT_LOC_STRINGS = NO;
				SWIFT_VERSION = 5.0;
				TARGETED_DEVICE_FAMILY = "1,2";
				TEST_HOST = "$(BUILT_PRODUCTS_DIR)/VKApp_MG.app/VKApp_MG";
			};
			name = Release;
		};
		CC84A5D828A3C6120057989B /* Debug */ = {
			isa = XCBuildConfiguration;
			buildSettings = {
				ALWAYS_EMBED_SWIFT_STANDARD_LIBRARIES = YES;
				CODE_SIGN_STYLE = Automatic;
				CURRENT_PROJECT_VERSION = 1;
				DEVELOPMENT_TEAM = 89R2TJK449;
				GENERATE_INFOPLIST_FILE = YES;
				MARKETING_VERSION = 1.0;
				PRODUCT_BUNDLE_IDENTIFIER = "XApps.VKApp-MGUITests";
				PRODUCT_NAME = "$(TARGET_NAME)";
				SWIFT_EMIT_LOC_STRINGS = NO;
				SWIFT_VERSION = 5.0;
				TARGETED_DEVICE_FAMILY = "1,2";
				TEST_TARGET_NAME = VKApp_MG;
			};
			name = Debug;
		};
		CC84A5D928A3C6120057989B /* Release */ = {
			isa = XCBuildConfiguration;
			buildSettings = {
				ALWAYS_EMBED_SWIFT_STANDARD_LIBRARIES = YES;
				CODE_SIGN_STYLE = Automatic;
				CURRENT_PROJECT_VERSION = 1;
				DEVELOPMENT_TEAM = 89R2TJK449;
				GENERATE_INFOPLIST_FILE = YES;
				MARKETING_VERSION = 1.0;
				PRODUCT_BUNDLE_IDENTIFIER = "XApps.VKApp-MGUITests";
				PRODUCT_NAME = "$(TARGET_NAME)";
				SWIFT_EMIT_LOC_STRINGS = NO;
				SWIFT_VERSION = 5.0;
				TARGETED_DEVICE_FAMILY = "1,2";
				TEST_TARGET_NAME = VKApp_MG;
			};
			name = Release;
		};
/* End XCBuildConfiguration section */

/* Begin XCConfigurationList section */
		CC84A5A228A3C6110057989B /* Build configuration list for PBXProject "VKApp_MG" */ = {
			isa = XCConfigurationList;
			buildConfigurations = (
				CC84A5CF28A3C6120057989B /* Debug */,
				CC84A5D028A3C6120057989B /* Release */,
			);
			defaultConfigurationIsVisible = 0;
			defaultConfigurationName = Release;
		};
		CC84A5D128A3C6120057989B /* Build configuration list for PBXNativeTarget "VKApp_MG" */ = {
			isa = XCConfigurationList;
			buildConfigurations = (
				CC84A5D228A3C6120057989B /* Debug */,
				CC84A5D328A3C6120057989B /* Release */,
			);
			defaultConfigurationIsVisible = 0;
			defaultConfigurationName = Release;
		};
		CC84A5D428A3C6120057989B /* Build configuration list for PBXNativeTarget "VKApp_MGTests" */ = {
			isa = XCConfigurationList;
			buildConfigurations = (
				CC84A5D528A3C6120057989B /* Debug */,
				CC84A5D628A3C6120057989B /* Release */,
			);
			defaultConfigurationIsVisible = 0;
			defaultConfigurationName = Release;
		};
		CC84A5D728A3C6120057989B /* Build configuration list for PBXNativeTarget "VKApp_MGUITests" */ = {
			isa = XCConfigurationList;
			buildConfigurations = (
				CC84A5D828A3C6120057989B /* Debug */,
				CC84A5D928A3C6120057989B /* Release */,
			);
			defaultConfigurationIsVisible = 0;
			defaultConfigurationName = Release;
		};
/* End XCConfigurationList section */
	};
	rootObject = CC84A59F28A3C6110057989B /* Project object */;
}
